// !$*UTF8*$!
{
	archiveVersion = 1;
	classes = {
	};
	objectVersion = 56;
	objects = {

/* Begin PBXBuildFile section */
		60054D1F2A7978F0005B009B /* ReminderListViewController+Data.swift in Sources */ = {isa = PBXBuildFile; fileRef = 60054D1E2A7978F0005B009B /* ReminderListViewController+Data.swift */; };
		60054D212A7979AC005B009B /* Date+Today.swift in Sources */ = {isa = PBXBuildFile; fileRef = 60054D202A7979AC005B009B /* Date+Today.swift */; };
		60054D232A797B94005B009B /* UIColor+Today.swift in Sources */ = {isa = PBXBuildFile; fileRef = 60054D222A797B94005B009B /* UIColor+Today.swift */; };
		60054D262A7982BD005B009B /* ReminderDoneButton.swift in Sources */ = {isa = PBXBuildFile; fileRef = 60054D252A7982BD005B009B /* ReminderDoneButton.swift */; };
		60054D282A7983F1005B009B /* ReminderListViewController+Actions.swift in Sources */ = {isa = PBXBuildFile; fileRef = 60054D272A7983F1005B009B /* ReminderListViewController+Actions.swift */; };
		601396D02A78341000AF74BD /* AppDelegate.swift in Sources */ = {isa = PBXBuildFile; fileRef = 601396CF2A78341000AF74BD /* AppDelegate.swift */; };
		601396D22A78341000AF74BD /* SceneDelegate.swift in Sources */ = {isa = PBXBuildFile; fileRef = 601396D12A78341000AF74BD /* SceneDelegate.swift */; };
		601396D72A78341000AF74BD /* Main.storyboard in Resources */ = {isa = PBXBuildFile; fileRef = 601396D52A78341000AF74BD /* Main.storyboard */; };
		601396D92A78341100AF74BD /* Assets.xcassets in Resources */ = {isa = PBXBuildFile; fileRef = 601396D82A78341100AF74BD /* Assets.xcassets */; };
		601396DC2A78341100AF74BD /* LaunchScreen.storyboard in Resources */ = {isa = PBXBuildFile; fileRef = 601396DA2A78341100AF74BD /* LaunchScreen.storyboard */; };
		601396E52A7835BD00AF74BD /* Reminder.swift in Sources */ = {isa = PBXBuildFile; fileRef = 601396E42A7835BD00AF74BD /* Reminder.swift */; };
		601396E92A7836B000AF74BD /* ReminderListViewController.swift in Sources */ = {isa = PBXBuildFile; fileRef = 601396E82A7836B000AF74BD /* ReminderListViewController.swift */; };
/* End PBXBuildFile section */

/* Begin PBXFileReference section */
		60054D1E2A7978F0005B009B /* ReminderListViewController+Data.swift */ = {isa = PBXFileReference; lastKnownFileType = sourcecode.swift; path = "ReminderListViewController+Data.swift"; sourceTree = "<group>"; };
		60054D202A7979AC005B009B /* Date+Today.swift */ = {isa = PBXFileReference; lastKnownFileType = sourcecode.swift; path = "Date+Today.swift"; sourceTree = "<group>"; };
		60054D222A797B94005B009B /* UIColor+Today.swift */ = {isa = PBXFileReference; lastKnownFileType = sourcecode.swift; path = "UIColor+Today.swift"; sourceTree = "<group>"; };
		60054D252A7982BD005B009B /* ReminderDoneButton.swift */ = {isa = PBXFileReference; lastKnownFileType = sourcecode.swift; path = ReminderDoneButton.swift; sourceTree = "<group>"; };
		60054D272A7983F1005B009B /* ReminderListViewController+Actions.swift */ = {isa = PBXFileReference; lastKnownFileType = sourcecode.swift; path = "ReminderListViewController+Actions.swift"; sourceTree = "<group>"; };
		601396CC2A78341000AF74BD /* Today.app */ = {isa = PBXFileReference; explicitFileType = wrapper.application; includeInIndex = 0; path = Today.app; sourceTree = BUILT_PRODUCTS_DIR; };
		601396CF2A78341000AF74BD /* AppDelegate.swift */ = {isa = PBXFileReference; lastKnownFileType = sourcecode.swift; path = AppDelegate.swift; sourceTree = "<group>"; };
		601396D12A78341000AF74BD /* SceneDelegate.swift */ = {isa = PBXFileReference; lastKnownFileType = sourcecode.swift; path = SceneDelegate.swift; sourceTree = "<group>"; };
		601396D62A78341000AF74BD /* Base */ = {isa = PBXFileReference; lastKnownFileType = file.storyboard; name = Base; path = Base.lproj/Main.storyboard; sourceTree = "<group>"; };
		601396D82A78341100AF74BD /* Assets.xcassets */ = {isa = PBXFileReference; lastKnownFileType = folder.assetcatalog; path = Assets.xcassets; sourceTree = "<group>"; };
		601396DB2A78341100AF74BD /* Base */ = {isa = PBXFileReference; lastKnownFileType = file.storyboard; name = Base; path = Base.lproj/LaunchScreen.storyboard; sourceTree = "<group>"; };
		601396DD2A78341100AF74BD /* Info.plist */ = {isa = PBXFileReference; lastKnownFileType = text.plist.xml; path = Info.plist; sourceTree = "<group>"; };
		601396E42A7835BD00AF74BD /* Reminder.swift */ = {isa = PBXFileReference; lastKnownFileType = sourcecode.swift; path = Reminder.swift; sourceTree = "<group>"; };
		601396E82A7836B000AF74BD /* ReminderListViewController.swift */ = {isa = PBXFileReference; lastKnownFileType = sourcecode.swift; path = ReminderListViewController.swift; sourceTree = "<group>"; };
/* End PBXFileReference section */

/* Begin PBXFrameworksBuildPhase section */
		601396C92A78341000AF74BD /* Frameworks */ = {
			isa = PBXFrameworksBuildPhase;
			buildActionMask = 2147483647;
			files = (
			);
			runOnlyForDeploymentPostprocessing = 0;
		};
/* End PBXFrameworksBuildPhase section */

/* Begin PBXGroup section */
		60054D242A7982AE005B009B /* Helper */ = {
			isa = PBXGroup;
			children = (
				60054D252A7982BD005B009B /* ReminderDoneButton.swift */,
			);
			path = Helper;
			sourceTree = "<group>";
		};
		601396C32A78341000AF74BD = {
			isa = PBXGroup;
			children = (
				601396CE2A78341000AF74BD /* Today */,
				601396CD2A78341000AF74BD /* Products */,
			);
			sourceTree = "<group>";
		};
		601396CD2A78341000AF74BD /* Products */ = {
			isa = PBXGroup;
			children = (
				601396CC2A78341000AF74BD /* Today.app */,
			);
			name = Products;
			sourceTree = "<group>";
		};
		601396CE2A78341000AF74BD /* Today */ = {
			isa = PBXGroup;
			children = (
				60054D242A7982AE005B009B /* Helper */,
				601396E72A78369B00AF74BD /* Scene */,
				601396E62A78367F00AF74BD /* Sources */,
				601396E32A7835A600AF74BD /* Model */,
				601396D52A78341000AF74BD /* Main.storyboard */,
				601396D82A78341100AF74BD /* Assets.xcassets */,
				601396DA2A78341100AF74BD /* LaunchScreen.storyboard */,
				601396DD2A78341100AF74BD /* Info.plist */,
			);
			path = Today;
			sourceTree = "<group>";
		};
		601396E32A7835A600AF74BD /* Model */ = {
			isa = PBXGroup;
			children = (
				601396E42A7835BD00AF74BD /* Reminder.swift */,
				60054D202A7979AC005B009B /* Date+Today.swift */,
				60054D222A797B94005B009B /* UIColor+Today.swift */,
			);
			path = Model;
			sourceTree = "<group>";
		};
		601396E62A78367F00AF74BD /* Sources */ = {
			isa = PBXGroup;
			children = (
				601396CF2A78341000AF74BD /* AppDelegate.swift */,
				601396D12A78341000AF74BD /* SceneDelegate.swift */,
			);
			path = Sources;
			sourceTree = "<group>";
		};
		601396E72A78369B00AF74BD /* Scene */ = {
			isa = PBXGroup;
			children = (
				601396E82A7836B000AF74BD /* ReminderListViewController.swift */,
				60054D1E2A7978F0005B009B /* ReminderListViewController+Data.swift */,
				60054D272A7983F1005B009B /* ReminderListViewController+Actions.swift */,
			);
			path = Scene;
			sourceTree = "<group>";
		};
/* End PBXGroup section */

/* Begin PBXNativeTarget section */
		601396CB2A78341000AF74BD /* Today */ = {
			isa = PBXNativeTarget;
			buildConfigurationList = 601396E02A78341100AF74BD /* Build configuration list for PBXNativeTarget "Today" */;
			buildPhases = (
				601396C82A78341000AF74BD /* Sources */,
				601396C92A78341000AF74BD /* Frameworks */,
				601396CA2A78341000AF74BD /* Resources */,
			);
			buildRules = (
			);
			dependencies = (
			);
			name = Today;
			productName = Today;
			productReference = 601396CC2A78341000AF74BD /* Today.app */;
			productType = "com.apple.product-type.application";
		};
/* End PBXNativeTarget section */

/* Begin PBXProject section */
		601396C42A78341000AF74BD /* Project object */ = {
			isa = PBXProject;
			attributes = {
				BuildIndependentTargetsInParallel = 1;
				LastSwiftUpdateCheck = 1430;
				LastUpgradeCheck = 1430;
				TargetAttributes = {
					601396CB2A78341000AF74BD = {
						CreatedOnToolsVersion = 14.3;
					};
				};
			};
			buildConfigurationList = 601396C72A78341000AF74BD /* Build configuration list for PBXProject "Today" */;
			compatibilityVersion = "Xcode 14.0";
			developmentRegion = en;
			hasScannedForEncodings = 0;
			knownRegions = (
				en,
				Base,
			);
			mainGroup = 601396C32A78341000AF74BD;
			productRefGroup = 601396CD2A78341000AF74BD /* Products */;
			projectDirPath = "";
			projectRoot = "";
			targets = (
				601396CB2A78341000AF74BD /* Today */,
			);
		};
/* End PBXProject section */

/* Begin PBXResourcesBuildPhase section */
		601396CA2A78341000AF74BD /* Resources */ = {
			isa = PBXResourcesBuildPhase;
			buildActionMask = 2147483647;
			files = (
				601396DC2A78341100AF74BD /* LaunchScreen.storyboard in Resources */,
				601396D92A78341100AF74BD /* Assets.xcassets in Resources */,
				601396D72A78341000AF74BD /* Main.storyboard in Resources */,
			);
			runOnlyForDeploymentPostprocessing = 0;
		};
/* End PBXResourcesBuildPhase section */

/* Begin PBXSourcesBuildPhase section */
		601396C82A78341000AF74BD /* Sources */ = {
			isa = PBXSourcesBuildPhase;
			buildActionMask = 2147483647;
			files = (
				60054D232A797B94005B009B /* UIColor+Today.swift in Sources */,
				60054D282A7983F1005B009B /* ReminderListViewController+Actions.swift in Sources */,
				60054D1F2A7978F0005B009B /* ReminderListViewController+Data.swift in Sources */,
				601396E92A7836B000AF74BD /* ReminderListViewController.swift in Sources */,
				60054D262A7982BD005B009B /* ReminderDoneButton.swift in Sources */,
				601396D02A78341000AF74BD /* AppDelegate.swift in Sources */,
				60054D212A7979AC005B009B /* Date+Today.swift in Sources */,
				601396D22A78341000AF74BD /* SceneDelegate.swift in Sources */,
				601396E52A7835BD00AF74BD /* Reminder.swift in Sources */,
			);
			runOnlyForDeploymentPostprocessing = 0;
		};
/* End PBXSourcesBuildPhase section */

/* Begin PBXVariantGroup section */
		601396D52A78341000AF74BD /* Main.storyboard */ = {
			isa = PBXVariantGroup;
			children = (
				601396D62A78341000AF74BD /* Base */,
			);
			name = Main.storyboard;
			sourceTree = "<group>";
		};
		601396DA2A78341100AF74BD /* LaunchScreen.storyboard */ = {
			isa = PBXVariantGroup;
			children = (
				601396DB2A78341100AF74BD /* Base */,
			);
			name = LaunchScreen.storyboard;
			sourceTree = "<group>";
		};
/* End PBXVariantGroup section */

/* Begin XCBuildConfiguration section */
		601396DE2A78341100AF74BD /* Debug */ = {
			isa = XCBuildConfiguration;
			buildSettings = {
				ALWAYS_SEARCH_USER_PATHS = NO;
				CLANG_ANALYZER_NONNULL = YES;
				CLANG_ANALYZER_NUMBER_OBJECT_CONVERSION = YES_AGGRESSIVE;
				CLANG_CXX_LANGUAGE_STANDARD = "gnu++20";
				CLANG_ENABLE_MODULES = YES;
				CLANG_ENABLE_OBJC_ARC = YES;
				CLANG_ENABLE_OBJC_WEAK = YES;
				CLANG_WARN_BLOCK_CAPTURE_AUTORELEASING = YES;
				CLANG_WARN_BOOL_CONVERSION = YES;
				CLANG_WARN_COMMA = YES;
				CLANG_WARN_CONSTANT_CONVERSION = YES;
				CLANG_WARN_DEPRECATED_OBJC_IMPLEMENTATIONS = YES;
				CLANG_WARN_DIRECT_OBJC_ISA_USAGE = YES_ERROR;
				CLANG_WARN_DOCUMENTATION_COMMENTS = YES;
				CLANG_WARN_EMPTY_BODY = YES;
				CLANG_WARN_ENUM_CONVERSION = YES;
				CLANG_WARN_INFINITE_RECURSION = YES;
				CLANG_WARN_INT_CONVERSION = YES;
				CLANG_WARN_NON_LITERAL_NULL_CONVERSION = YES;
				CLANG_WARN_OBJC_IMPLICIT_RETAIN_SELF = YES;
				CLANG_WARN_OBJC_LITERAL_CONVERSION = YES;
				CLANG_WARN_OBJC_ROOT_CLASS = YES_ERROR;
				CLANG_WARN_QUOTED_INCLUDE_IN_FRAMEWORK_HEADER = YES;
				CLANG_WARN_RANGE_LOOP_ANALYSIS = YES;
				CLANG_WARN_STRICT_PROTOTYPES = YES;
				CLANG_WARN_SUSPICIOUS_MOVE = YES;
				CLANG_WARN_UNGUARDED_AVAILABILITY = YES_AGGRESSIVE;
				CLANG_WARN_UNREACHABLE_CODE = YES;
				CLANG_WARN__DUPLICATE_METHOD_MATCH = YES;
				COPY_PHASE_STRIP = NO;
				DEBUG_INFORMATION_FORMAT = dwarf;
				ENABLE_STRICT_OBJC_MSGSEND = YES;
				ENABLE_TESTABILITY = YES;
				GCC_C_LANGUAGE_STANDARD = gnu11;
				GCC_DYNAMIC_NO_PIC = NO;
				GCC_NO_COMMON_BLOCKS = YES;
				GCC_OPTIMIZATION_LEVEL = 0;
				GCC_PREPROCESSOR_DEFINITIONS = (
					"DEBUG=1",
					"$(inherited)",
				);
				GCC_WARN_64_TO_32_BIT_CONVERSION = YES;
				GCC_WARN_ABOUT_RETURN_TYPE = YES_ERROR;
				GCC_WARN_UNDECLARED_SELECTOR = YES;
				GCC_WARN_UNINITIALIZED_AUTOS = YES_AGGRESSIVE;
				GCC_WARN_UNUSED_FUNCTION = YES;
				GCC_WARN_UNUSED_VARIABLE = YES;
				IPHONEOS_DEPLOYMENT_TARGET = 16.4;
				MTL_ENABLE_DEBUG_INFO = INCLUDE_SOURCE;
				MTL_FAST_MATH = YES;
				ONLY_ACTIVE_ARCH = YES;
				SDKROOT = iphoneos;
				SWIFT_ACTIVE_COMPILATION_CONDITIONS = DEBUG;
				SWIFT_OPTIMIZATION_LEVEL = "-Onone";
			};
			name = Debug;
		};
		601396DF2A78341100AF74BD /* Release */ = {
			isa = XCBuildConfiguration;
			buildSettings = {
				ALWAYS_SEARCH_USER_PATHS = NO;
				CLANG_ANALYZER_NONNULL = YES;
				CLANG_ANALYZER_NUMBER_OBJECT_CONVERSION = YES_AGGRESSIVE;
				CLANG_CXX_LANGUAGE_STANDARD = "gnu++20";
				CLANG_ENABLE_MODULES = YES;
				CLANG_ENABLE_OBJC_ARC = YES;
				CLANG_ENABLE_OBJC_WEAK = YES;
				CLANG_WARN_BLOCK_CAPTURE_AUTORELEASING = YES;
				CLANG_WARN_BOOL_CONVERSION = YES;
				CLANG_WARN_COMMA = YES;
				CLANG_WARN_CONSTANT_CONVERSION = YES;
				CLANG_WARN_DEPRECATED_OBJC_IMPLEMENTATIONS = YES;
				CLANG_WARN_DIRECT_OBJC_ISA_USAGE = YES_ERROR;
				CLANG_WARN_DOCUMENTATION_COMMENTS = YES;
				CLANG_WARN_EMPTY_BODY = YES;
				CLANG_WARN_ENUM_CONVERSION = YES;
				CLANG_WARN_INFINITE_RECURSION = YES;
				CLANG_WARN_INT_CONVERSION = YES;
				CLANG_WARN_NON_LITERAL_NULL_CONVERSION = YES;
				CLANG_WARN_OBJC_IMPLICIT_RETAIN_SELF = YES;
				CLANG_WARN_OBJC_LITERAL_CONVERSION = YES;
				CLANG_WARN_OBJC_ROOT_CLASS = YES_ERROR;
				CLANG_WARN_QUOTED_INCLUDE_IN_FRAMEWORK_HEADER = YES;
				CLANG_WARN_RANGE_LOOP_ANALYSIS = YES;
				CLANG_WARN_STRICT_PROTOTYPES = YES;
				CLANG_WARN_SUSPICIOUS_MOVE = YES;
				CLANG_WARN_UNGUARDED_AVAILABILITY = YES_AGGRESSIVE;
				CLANG_WARN_UNREACHABLE_CODE = YES;
				CLANG_WARN__DUPLICATE_METHOD_MATCH = YES;
				COPY_PHASE_STRIP = NO;
				DEBUG_INFORMATION_FORMAT = "dwarf-with-dsym";
				ENABLE_NS_ASSERTIONS = NO;
				ENABLE_STRICT_OBJC_MSGSEND = YES;
				GCC_C_LANGUAGE_STANDARD = gnu11;
				GCC_NO_COMMON_BLOCKS = YES;
				GCC_WARN_64_TO_32_BIT_CONVERSION = YES;
				GCC_WARN_ABOUT_RETURN_TYPE = YES_ERROR;
				GCC_WARN_UNDECLARED_SELECTOR = YES;
				GCC_WARN_UNINITIALIZED_AUTOS = YES_AGGRESSIVE;
				GCC_WARN_UNUSED_FUNCTION = YES;
				GCC_WARN_UNUSED_VARIABLE = YES;
				IPHONEOS_DEPLOYMENT_TARGET = 16.4;
				MTL_ENABLE_DEBUG_INFO = NO;
				MTL_FAST_MATH = YES;
				SDKROOT = iphoneos;
				SWIFT_COMPILATION_MODE = wholemodule;
				SWIFT_OPTIMIZATION_LEVEL = "-O";
				VALIDATE_PRODUCT = YES;
			};
			name = Release;
		};
		601396E12A78341100AF74BD /* Debug */ = {
			isa = XCBuildConfiguration;
			buildSettings = {
				ASSETCATALOG_COMPILER_APPICON_NAME = AppIcon;
				ASSETCATALOG_COMPILER_GLOBAL_ACCENT_COLOR_NAME = AccentColor;
				CODE_SIGN_STYLE = Automatic;
				CURRENT_PROJECT_VERSION = 1;
				DEVELOPMENT_TEAM = WL3K4A7DH8;
				GENERATE_INFOPLIST_FILE = YES;
				INFOPLIST_FILE = Today/Info.plist;
				INFOPLIST_KEY_UIApplicationSupportsIndirectInputEvents = YES;
				INFOPLIST_KEY_UILaunchStoryboardName = LaunchScreen;
				INFOPLIST_KEY_UIMainStoryboardFile = Main;
				INFOPLIST_KEY_UISupportedInterfaceOrientations_iPad = "UIInterfaceOrientationPortrait UIInterfaceOrientationPortraitUpsideDown UIInterfaceOrientationLandscapeLeft UIInterfaceOrientationLandscapeRight";
				INFOPLIST_KEY_UISupportedInterfaceOrientations_iPhone = "UIInterfaceOrientationPortrait UIInterfaceOrientationLandscapeLeft UIInterfaceOrientationLandscapeRight";
				IPHONEOS_DEPLOYMENT_TARGET = 15.0;
				LD_RUNPATH_SEARCH_PATHS = (
					"$(inherited)",
					"@executable_path/Frameworks",
				);
				MARKETING_VERSION = 1.0;
				PRODUCT_BUNDLE_IDENTIFIER = com.barisdilekci.Today;
				PRODUCT_NAME = "$(TARGET_NAME)";
				SWIFT_EMIT_LOC_STRINGS = YES;
				SWIFT_VERSION = 5.0;
				TARGETED_DEVICE_FAMILY = "1,2";
			};
			name = Debug;
		};
		601396E22A78341100AF74BD /* Release */ = {
			isa = XCBuildConfiguration;
			buildSettings = {
				ASSETCATALOG_COMPILER_APPICON_NAME = AppIcon;
				ASSETCATALOG_COMPILER_GLOBAL_ACCENT_COLOR_NAME = AccentColor;
				CODE_SIGN_STYLE = Automatic;
				CURRENT_PROJECT_VERSION = 1;
				DEVELOPMENT_TEAM = WL3K4A7DH8;
				GENERATE_INFOPLIST_FILE = YES;
				INFOPLIST_FILE = Today/Info.plist;
				INFOPLIST_KEY_UIApplicationSupportsIndirectInputEvents = YES;
				INFOPLIST_KEY_UILaunchStoryboardName = LaunchScreen;
				INFOPLIST_KEY_UIMainStoryboardFile = Main;
				INFOPLIST_KEY_UISupportedInterfaceOrientations_iPad = "UIInterfaceOrientationPortrait UIInterfaceOrientationPortraitUpsideDown UIInterfaceOrientationLandscapeLeft UIInterfaceOrientationLandscapeRight";
				INFOPLIST_KEY_UISupportedInterfaceOrientations_iPhone = "UIInterfaceOrientationPortrait UIInterfaceOrientationLandscapeLeft UIInterfaceOrientationLandscapeRight";
				IPHONEOS_DEPLOYMENT_TARGET = 15.0;
				LD_RUNPATH_SEARCH_PATHS = (
					"$(inherited)",
					"@executable_path/Frameworks",
				);
				MARKETING_VERSION = 1.0;
				PRODUCT_BUNDLE_IDENTIFIER = com.barisdilekci.Today;
				PRODUCT_NAME = "$(TARGET_NAME)";
				SWIFT_EMIT_LOC_STRINGS = YES;
				SWIFT_VERSION = 5.0;
				TARGETED_DEVICE_FAMILY = "1,2";
			};
			name = Release;
		};
/* End XCBuildConfiguration section */

/* Begin XCConfigurationList section */
		601396C72A78341000AF74BD /* Build configuration list for PBXProject "Today" */ = {
			isa = XCConfigurationList;
			buildConfigurations = (
				601396DE2A78341100AF74BD /* Debug */,
				601396DF2A78341100AF74BD /* Release */,
			);
			defaultConfigurationIsVisible = 0;
			defaultConfigurationName = Release;
		};
		601396E02A78341100AF74BD /* Build configuration list for PBXNativeTarget "Today" */ = {
			isa = XCConfigurationList;
			buildConfigurations = (
				601396E12A78341100AF74BD /* Debug */,
				601396E22A78341100AF74BD /* Release */,
			);
			defaultConfigurationIsVisible = 0;
			defaultConfigurationName = Release;
		};
/* End XCConfigurationList section */
	};
	rootObject = 601396C42A78341000AF74BD /* Project object */;
}
